
Microsoft Visual Studio Solution File, Format Version 12.00
# Visual Studio Version 17
VisualStudioVersion = 17.9.34728.123
MinimumVisualStudioVersion = 10.0.40219.1
Project("{FAE04EC0-301F-11D3-BF4B-00C04F79EFBC}") = "ImageAPI", "ImageAPI\ImageAPI.csproj", "{D80DBDC0-5BB1-4D41-BE5B-AA86F773AB90}"
EndProject
Global
	GlobalSection(SolutionConfigurationPlatforms) = preSolution
		Debug|Any CPU = Debug|Any CPU
		Release|Any CPU = Release|Any CPU
	EndGlobalSection
	GlobalSection(ProjectConfigurationPlatforms) = postSolution
		{D80DBDC0-5BB1-4D41-BE5B-AA86F773AB90}.Debug|Any CPU.ActiveCfg = Debug|Any CPU
		{D80DBDC0-5BB1-4D41-BE5B-AA86F773AB90}.Debug|Any CPU.Build.0 = Debug|Any CPU
		{D80DBDC0-5BB1-4D41-BE5B-AA86F773AB90}.Release|Any CPU.ActiveCfg = Release|Any CPU
		{D80DBDC0-5BB1-4D41-BE5B-AA86F773AB90}.Release|Any CPU.Build.0 = Release|Any CPU
	EndGlobalSection
	GlobalSection(SolutionProperties) = preSolution
		HideSolutionNode = FALSE
	EndGlobalSection
	GlobalSection(ExtensibilityGlobals) = postSolution
		SolutionGuid = {FE1D79CE-6DB1-4210-A938-13B33CC48DE7}
	EndGlobalSection
EndGlobal
